{
  "name": "foy-ar-demo",
  "lockfileVersion": 3,
  "requires": true,
  "packages": {
    "": {
      "dependencies": {
        "aframe-vertical-billboard-component": "^0.1.1"
      }
    },
    "node_modules/aframe-vertical-billboard-component": {
      "version": "0.1.1",
      "resolved": "https://registry.npmjs.org/aframe-vertical-billboard-component/-/aframe-vertical-billboard-component-0.1.1.tgz",
      "integrity": "sha512-SMiMDCRROq25xqH51TvDzquK2vurXm1+07zQcwUPCelIwLHVsFO4hEC3Myu7TAh12LbrjnVoKCu+XWEJejnvow==",
      "license": "MIT"
    }
  }
}
