{
  "requires": true,
  "lockfileVersion": 1,
  "dependencies": {
    "aframe-billboard-component": {
      "version": "2.0.0",
      "resolved": "https://registry.npmjs.org/aframe-billboard-component/-/aframe-billboard-component-2.0.0.tgz",
      "integrity": "sha512-kmtPo1wFWmsJc7RMgl4XgZyBGSgWH+q2qbYGWTHwnOforcDrVFgAY0K4xVpNc14Buvo6JK1Lzk3NiAsGleV1JA=="
    }
  }
}
